// !$*UTF8*$!
{
	archiveVersion = 1;
	classes = {
	};
	objectVersion = 56;
	objects = {

/* Begin PBXBuildFile section */
		2E28C1EE2CEB91E800C54570 /* RegistrationViewController.swift in Sources */ = {isa = PBXBuildFile; fileRef = 2E28C1ED2CEB91E800C54570 /* RegistrationViewController.swift */; };
		2E28C1F02CEB922A00C54570 /* CategeoryWiseReceipesViewController.swift in Sources */ = {isa = PBXBuildFile; fileRef = 2E28C1EF2CEB922A00C54570 /* CategeoryWiseReceipesViewController.swift */; };
		2E28C1F22CEB927700C54570 /* ReceipeDetailDescriptionViewController.swift in Sources */ = {isa = PBXBuildFile; fileRef = 2E28C1F12CEB927700C54570 /* ReceipeDetailDescriptionViewController.swift */; };
		2E28C1F42CEB92F000C54570 /* LogoutViewController.swift in Sources */ = {isa = PBXBuildFile; fileRef = 2E28C1F32CEB92F000C54570 /* LogoutViewController.swift */; };
		2E28C1F62CEB9D0B00C54570 /* GoogleService-Info.plist in Resources */ = {isa = PBXBuildFile; fileRef = 2E28C1F52CEB9D0B00C54570 /* GoogleService-Info.plist */; };
		2E28C1F92CEBA2C800C54570 /* FirebaseAnalytics in Frameworks */ = {isa = PBXBuildFile; productRef = 2E28C1F82CEBA2C800C54570 /* FirebaseAnalytics */; };
		2E28C1FB2CEBA2C800C54570 /* FirebaseAnalyticsOnDeviceConversion in Frameworks */ = {isa = PBXBuildFile; productRef = 2E28C1FA2CEBA2C800C54570 /* FirebaseAnalyticsOnDeviceConversion */; };
		2E28C1FD2CEBA2C800C54570 /* FirebaseAnalyticsWithoutAdIdSupport in Frameworks */ = {isa = PBXBuildFile; productRef = 2E28C1FC2CEBA2C800C54570 /* FirebaseAnalyticsWithoutAdIdSupport */; };
		2E28C1FF2CEBA2C800C54570 /* FirebaseAppCheck in Frameworks */ = {isa = PBXBuildFile; productRef = 2E28C1FE2CEBA2C800C54570 /* FirebaseAppCheck */; };
		2E28C2012CEBA2C800C54570 /* FirebaseAppDistribution-Beta in Frameworks */ = {isa = PBXBuildFile; productRef = 2E28C2002CEBA2C800C54570 /* FirebaseAppDistribution-Beta */; };
		2E7DBB202CE47112006CC676 /* AppDelegate.swift in Sources */ = {isa = PBXBuildFile; fileRef = 2E7DBB1F2CE47112006CC676 /* AppDelegate.swift */; };
		2E7DBB222CE47112006CC676 /* SceneDelegate.swift in Sources */ = {isa = PBXBuildFile; fileRef = 2E7DBB212CE47112006CC676 /* SceneDelegate.swift */; };
		2E7DBB242CE47112006CC676 /* LoginViewController.swift in Sources */ = {isa = PBXBuildFile; fileRef = 2E7DBB232CE47112006CC676 /* LoginViewController.swift */; };
		2E7DBB272CE47112006CC676 /* Base in Resources */ = {isa = PBXBuildFile; fileRef = 2E7DBB262CE47112006CC676 /* Base */; };
		2E7DBB292CE47113006CC676 /* Assets.xcassets in Resources */ = {isa = PBXBuildFile; fileRef = 2E7DBB282CE47113006CC676 /* Assets.xcassets */; };
		2E7DBB2C2CE47113006CC676 /* Base in Resources */ = {isa = PBXBuildFile; fileRef = 2E7DBB2B2CE47113006CC676 /* Base */; };
		2E7DBB372CE47113006CC676 /* IOSReceipeTests.swift in Sources */ = {isa = PBXBuildFile; fileRef = 2E7DBB362CE47113006CC676 /* IOSReceipeTests.swift */; };
		2E7DBB412CE47113006CC676 /* IOSReceipeUITests.swift in Sources */ = {isa = PBXBuildFile; fileRef = 2E7DBB402CE47113006CC676 /* IOSReceipeUITests.swift */; };
		2E7DBB432CE47113006CC676 /* IOSReceipeUITestsLaunchTests.swift in Sources */ = {isa = PBXBuildFile; fileRef = 2E7DBB422CE47113006CC676 /* IOSReceipeUITestsLaunchTests.swift */; };
		2E7DBB502CE47965006CC676 /* ReceipeTableViewController.swift in Sources */ = {isa = PBXBuildFile; fileRef = 2E7DBB4F2CE47965006CC676 /* ReceipeTableViewController.swift */; };
/* End PBXBuildFile section */

/* Begin PBXContainerItemProxy section */
		2E7DBB332CE47113006CC676 /* PBXContainerItemProxy */ = {
			isa = PBXContainerItemProxy;
			containerPortal = 2E7DBB142CE47112006CC676 /* Project object */;
			proxyType = 1;
			remoteGlobalIDString = 2E7DBB1B2CE47112006CC676;
			remoteInfo = IOSReceipe;
		};
		2E7DBB3D2CE47113006CC676 /* PBXContainerItemProxy */ = {
			isa = PBXContainerItemProxy;
			containerPortal = 2E7DBB142CE47112006CC676 /* Project object */;
			proxyType = 1;
			remoteGlobalIDString = 2E7DBB1B2CE47112006CC676;
			remoteInfo = IOSReceipe;
		};
/* End PBXContainerItemProxy section */

/* Begin PBXFileReference section */
		2E28C1ED2CEB91E800C54570 /* RegistrationViewController.swift */ = {isa = PBXFileReference; lastKnownFileType = sourcecode.swift; path = RegistrationViewController.swift; sourceTree = "<group>"; };
		2E28C1EF2CEB922A00C54570 /* CategeoryWiseReceipesViewController.swift */ = {isa = PBXFileReference; lastKnownFileType = sourcecode.swift; path = CategeoryWiseReceipesViewController.swift; sourceTree = "<group>"; };
		2E28C1F12CEB927700C54570 /* ReceipeDetailDescriptionViewController.swift */ = {isa = PBXFileReference; lastKnownFileType = sourcecode.swift; path = ReceipeDetailDescriptionViewController.swift; sourceTree = "<group>"; };
		2E28C1F32CEB92F000C54570 /* LogoutViewController.swift */ = {isa = PBXFileReference; lastKnownFileType = sourcecode.swift; path = LogoutViewController.swift; sourceTree = "<group>"; };
		2E28C1F52CEB9D0B00C54570 /* GoogleService-Info.plist */ = {isa = PBXFileReference; fileEncoding = 4; lastKnownFileType = text.plist.xml; name = "GoogleService-Info.plist"; path = "../../../../Downloads/GoogleService-Info.plist"; sourceTree = "<group>"; };
		2E7DBB1C2CE47112006CC676 /* IOSReceipe.app */ = {isa = PBXFileReference; explicitFileType = wrapper.application; includeInIndex = 0; path = IOSReceipe.app; sourceTree = BUILT_PRODUCTS_DIR; };
		2E7DBB1F2CE47112006CC676 /* AppDelegate.swift */ = {isa = PBXFileReference; lastKnownFileType = sourcecode.swift; path = AppDelegate.swift; sourceTree = "<group>"; };
		2E7DBB212CE47112006CC676 /* SceneDelegate.swift */ = {isa = PBXFileReference; lastKnownFileType = sourcecode.swift; path = SceneDelegate.swift; sourceTree = "<group>"; };
		2E7DBB232CE47112006CC676 /* LoginViewController.swift */ = {isa = PBXFileReference; lastKnownFileType = sourcecode.swift; path = LoginViewController.swift; sourceTree = "<group>"; };
		2E7DBB262CE47112006CC676 /* Base */ = {isa = PBXFileReference; lastKnownFileType = file.storyboard; name = Base; path = Base.lproj/Main.storyboard; sourceTree = "<group>"; };
		2E7DBB282CE47113006CC676 /* Assets.xcassets */ = {isa = PBXFileReference; lastKnownFileType = folder.assetcatalog; path = Assets.xcassets; sourceTree = "<group>"; };
		2E7DBB2B2CE47113006CC676 /* Base */ = {isa = PBXFileReference; lastKnownFileType = file.storyboard; name = Base; path = Base.lproj/LaunchScreen.storyboard; sourceTree = "<group>"; };
		2E7DBB2D2CE47113006CC676 /* Info.plist */ = {isa = PBXFileReference; lastKnownFileType = text.plist.xml; path = Info.plist; sourceTree = "<group>"; };
		2E7DBB322CE47113006CC676 /* IOSReceipeTests.xctest */ = {isa = PBXFileReference; explicitFileType = wrapper.cfbundle; includeInIndex = 0; path = IOSReceipeTests.xctest; sourceTree = BUILT_PRODUCTS_DIR; };
		2E7DBB362CE47113006CC676 /* IOSReceipeTests.swift */ = {isa = PBXFileReference; lastKnownFileType = sourcecode.swift; path = IOSReceipeTests.swift; sourceTree = "<group>"; };
		2E7DBB3C2CE47113006CC676 /* IOSReceipeUITests.xctest */ = {isa = PBXFileReference; explicitFileType = wrapper.cfbundle; includeInIndex = 0; path = IOSReceipeUITests.xctest; sourceTree = BUILT_PRODUCTS_DIR; };
		2E7DBB402CE47113006CC676 /* IOSReceipeUITests.swift */ = {isa = PBXFileReference; lastKnownFileType = sourcecode.swift; path = IOSReceipeUITests.swift; sourceTree = "<group>"; };
		2E7DBB422CE47113006CC676 /* IOSReceipeUITestsLaunchTests.swift */ = {isa = PBXFileReference; lastKnownFileType = sourcecode.swift; path = IOSReceipeUITestsLaunchTests.swift; sourceTree = "<group>"; };
		2E7DBB4F2CE47965006CC676 /* ReceipeTableViewController.swift */ = {isa = PBXFileReference; lastKnownFileType = sourcecode.swift; path = ReceipeTableViewController.swift; sourceTree = "<group>"; };
/* End PBXFileReference section */

/* Begin PBXFrameworksBuildPhase section */
		2E7DBB192CE47112006CC676 /* Frameworks */ = {
			isa = PBXFrameworksBuildPhase;
			buildActionMask = 2147483647;
			files = (
				2E28C1FF2CEBA2C800C54570 /* FirebaseAppCheck in Frameworks */,
				2E28C1F92CEBA2C800C54570 /* FirebaseAnalytics in Frameworks */,
				2E28C2012CEBA2C800C54570 /* FirebaseAppDistribution-Beta in Frameworks */,
				2E28C1FD2CEBA2C800C54570 /* FirebaseAnalyticsWithoutAdIdSupport in Frameworks */,
				2E28C1FB2CEBA2C800C54570 /* FirebaseAnalyticsOnDeviceConversion in Frameworks */,
			);
			runOnlyForDeploymentPostprocessing = 0;
		};
		2E7DBB2F2CE47113006CC676 /* Frameworks */ = {
			isa = PBXFrameworksBuildPhase;
			buildActionMask = 2147483647;
			files = (
			);
			runOnlyForDeploymentPostprocessing = 0;
		};
		2E7DBB392CE47113006CC676 /* Frameworks */ = {
			isa = PBXFrameworksBuildPhase;
			buildActionMask = 2147483647;
			files = (
			);
			runOnlyForDeploymentPostprocessing = 0;
		};
/* End PBXFrameworksBuildPhase section */

/* Begin PBXGroup section */
		2E7DBB132CE47112006CC676 = {
			isa = PBXGroup;
			children = (
				2E7DBB1E2CE47112006CC676 /* IOSReceipe */,
				2E7DBB352CE47113006CC676 /* IOSReceipeTests */,
				2E7DBB3F2CE47113006CC676 /* IOSReceipeUITests */,
				2E7DBB1D2CE47112006CC676 /* Products */,
			);
			sourceTree = "<group>";
		};
		2E7DBB1D2CE47112006CC676 /* Products */ = {
			isa = PBXGroup;
			children = (
				2E7DBB1C2CE47112006CC676 /* IOSReceipe.app */,
				2E7DBB322CE47113006CC676 /* IOSReceipeTests.xctest */,
				2E7DBB3C2CE47113006CC676 /* IOSReceipeUITests.xctest */,
			);
			name = Products;
			sourceTree = "<group>";
		};
		2E7DBB1E2CE47112006CC676 /* IOSReceipe */ = {
			isa = PBXGroup;
			children = (
				2E28C1F52CEB9D0B00C54570 /* GoogleService-Info.plist */,
				2E7DBB1F2CE47112006CC676 /* AppDelegate.swift */,
				2E7DBB212CE47112006CC676 /* SceneDelegate.swift */,
				2E7DBB232CE47112006CC676 /* LoginViewController.swift */,
				2E7DBB4F2CE47965006CC676 /* ReceipeTableViewController.swift */,
				2E7DBB252CE47112006CC676 /* Main.storyboard */,
				2E28C1F32CEB92F000C54570 /* LogoutViewController.swift */,
				2E28C1F12CEB927700C54570 /* ReceipeDetailDescriptionViewController.swift */,
				2E28C1EF2CEB922A00C54570 /* CategeoryWiseReceipesViewController.swift */,
				2E28C1ED2CEB91E800C54570 /* RegistrationViewController.swift */,
				2E7DBB282CE47113006CC676 /* Assets.xcassets */,
				2E7DBB2A2CE47113006CC676 /* LaunchScreen.storyboard */,
				2E7DBB2D2CE47113006CC676 /* Info.plist */,
			);
			path = IOSReceipe;
			sourceTree = "<group>";
		};
		2E7DBB352CE47113006CC676 /* IOSReceipeTests */ = {
			isa = PBXGroup;
			children = (
				2E7DBB362CE47113006CC676 /* IOSReceipeTests.swift */,
			);
			path = IOSReceipeTests;
			sourceTree = "<group>";
		};
		2E7DBB3F2CE47113006CC676 /* IOSReceipeUITests */ = {
			isa = PBXGroup;
			children = (
				2E7DBB402CE47113006CC676 /* IOSReceipeUITests.swift */,
				2E7DBB422CE47113006CC676 /* IOSReceipeUITestsLaunchTests.swift */,
			);
			path = IOSReceipeUITests;
			sourceTree = "<group>";
		};
/* End PBXGroup section */

/* Begin PBXNativeTarget section */
		2E7DBB1B2CE47112006CC676 /* IOSReceipe */ = {
			isa = PBXNativeTarget;
			buildConfigurationList = 2E7DBB462CE47113006CC676 /* Build configuration list for PBXNativeTarget "IOSReceipe" */;
			buildPhases = (
				2E7DBB182CE47112006CC676 /* Sources */,
				2E7DBB192CE47112006CC676 /* Frameworks */,
				2E7DBB1A2CE47112006CC676 /* Resources */,
			);
			buildRules = (
			);
			dependencies = (
			);
			name = IOSReceipe;
			packageProductDependencies = (
				2E28C1F82CEBA2C800C54570 /* FirebaseAnalytics */,
				2E28C1FA2CEBA2C800C54570 /* FirebaseAnalyticsOnDeviceConversion */,
				2E28C1FC2CEBA2C800C54570 /* FirebaseAnalyticsWithoutAdIdSupport */,
				2E28C1FE2CEBA2C800C54570 /* FirebaseAppCheck */,
				2E28C2002CEBA2C800C54570 /* FirebaseAppDistribution-Beta */,
			);
			productName = IOSReceipe;
			productReference = 2E7DBB1C2CE47112006CC676 /* IOSReceipe.app */;
			productType = "com.apple.product-type.application";
		};
		2E7DBB312CE47113006CC676 /* IOSReceipeTests */ = {
			isa = PBXNativeTarget;
			buildConfigurationList = 2E7DBB492CE47113006CC676 /* Build configuration list for PBXNativeTarget "IOSReceipeTests" */;
			buildPhases = (
				2E7DBB2E2CE47113006CC676 /* Sources */,
				2E7DBB2F2CE47113006CC676 /* Frameworks */,
				2E7DBB302CE47113006CC676 /* Resources */,
			);
			buildRules = (
			);
			dependencies = (
				2E7DBB342CE47113006CC676 /* PBXTargetDependency */,
			);
			name = IOSReceipeTests;
			productName = IOSReceipeTests;
			productReference = 2E7DBB322CE47113006CC676 /* IOSReceipeTests.xctest */;
			productType = "com.apple.product-type.bundle.unit-test";
		};
		2E7DBB3B2CE47113006CC676 /* IOSReceipeUITests */ = {
			isa = PBXNativeTarget;
			buildConfigurationList = 2E7DBB4C2CE47113006CC676 /* Build configuration list for PBXNativeTarget "IOSReceipeUITests" */;
			buildPhases = (
				2E7DBB382CE47113006CC676 /* Sources */,
				2E7DBB392CE47113006CC676 /* Frameworks */,
				2E7DBB3A2CE47113006CC676 /* Resources */,
			);
			buildRules = (
			);
			dependencies = (
				2E7DBB3E2CE47113006CC676 /* PBXTargetDependency */,
			);
			name = IOSReceipeUITests;
			productName = IOSReceipeUITests;
			productReference = 2E7DBB3C2CE47113006CC676 /* IOSReceipeUITests.xctest */;
			productType = "com.apple.product-type.bundle.ui-testing";
		};
/* End PBXNativeTarget section */

/* Begin PBXProject section */
		2E7DBB142CE47112006CC676 /* Project object */ = {
			isa = PBXProject;
			attributes = {
				BuildIndependentTargetsInParallel = 1;
				LastSwiftUpdateCheck = 1540;
				LastUpgradeCheck = 1540;
				TargetAttributes = {
					2E7DBB1B2CE47112006CC676 = {
						CreatedOnToolsVersion = 15.4;
					};
					2E7DBB312CE47113006CC676 = {
						CreatedOnToolsVersion = 15.4;
						TestTargetID = 2E7DBB1B2CE47112006CC676;
					};
					2E7DBB3B2CE47113006CC676 = {
						CreatedOnToolsVersion = 15.4;
						TestTargetID = 2E7DBB1B2CE47112006CC676;
					};
				};
			};
			buildConfigurationList = 2E7DBB172CE47112006CC676 /* Build configuration list for PBXProject "IOSReceipe" */;
			compatibilityVersion = "Xcode 14.0";
			developmentRegion = en;
			hasScannedForEncodings = 0;
			knownRegions = (
				en,
				Base,
			);
			mainGroup = 2E7DBB132CE47112006CC676;
			packageReferences = (
				2E28C1F72CEBA1D300C54570 /* XCRemoteSwiftPackageReference "firebase-ios-sdk" */,
			);
			productRefGroup = 2E7DBB1D2CE47112006CC676 /* Products */;
			projectDirPath = "";
			projectRoot = "";
			targets = (
				2E7DBB1B2CE47112006CC676 /* IOSReceipe */,
				2E7DBB312CE47113006CC676 /* IOSReceipeTests */,
				2E7DBB3B2CE47113006CC676 /* IOSReceipeUITests */,
			);
		};
/* End PBXProject section */

/* Begin PBXResourcesBuildPhase section */
		2E7DBB1A2CE47112006CC676 /* Resources */ = {
			isa = PBXResourcesBuildPhase;
			buildActionMask = 2147483647;
			files = (
				2E7DBB292CE47113006CC676 /* Assets.xcassets in Resources */,
				2E28C1F62CEB9D0B00C54570 /* GoogleService-Info.plist in Resources */,
				2E7DBB2C2CE47113006CC676 /* Base in Resources */,
				2E7DBB272CE47112006CC676 /* Base in Resources */,
			);
			runOnlyForDeploymentPostprocessing = 0;
		};
		2E7DBB302CE47113006CC676 /* Resources */ = {
			isa = PBXResourcesBuildPhase;
			buildActionMask = 2147483647;
			files = (
			);
			runOnlyForDeploymentPostprocessing = 0;
		};
		2E7DBB3A2CE47113006CC676 /* Resources */ = {
			isa = PBXResourcesBuildPhase;
			buildActionMask = 2147483647;
			files = (
			);
			runOnlyForDeploymentPostprocessing = 0;
		};
/* End PBXResourcesBuildPhase section */

/* Begin PBXSourcesBuildPhase section */
		2E7DBB182CE47112006CC676 /* Sources */ = {
			isa = PBXSourcesBuildPhase;
			buildActionMask = 2147483647;
			files = (
				2E7DBB242CE47112006CC676 /* LoginViewController.swift in Sources */,
				2E28C1F02CEB922A00C54570 /* CategeoryWiseReceipesViewController.swift in Sources */,
				2E7DBB202CE47112006CC676 /* AppDelegate.swift in Sources */,
				2E7DBB502CE47965006CC676 /* ReceipeTableViewController.swift in Sources */,
				2E7DBB222CE47112006CC676 /* SceneDelegate.swift in Sources */,
				2E28C1EE2CEB91E800C54570 /* RegistrationViewController.swift in Sources */,
				2E28C1F42CEB92F000C54570 /* LogoutViewController.swift in Sources */,
				2E28C1F22CEB927700C54570 /* ReceipeDetailDescriptionViewController.swift in Sources */,
			);
			runOnlyForDeploymentPostprocessing = 0;
		};
		2E7DBB2E2CE47113006CC676 /* Sources */ = {
			isa = PBXSourcesBuildPhase;
			buildActionMask = 2147483647;
			files = (
				2E7DBB372CE47113006CC676 /* IOSReceipeTests.swift in Sources */,
			);
			runOnlyForDeploymentPostprocessing = 0;
		};
		2E7DBB382CE47113006CC676 /* Sources */ = {
			isa = PBXSourcesBuildPhase;
			buildActionMask = 2147483647;
			files = (
				2E7DBB432CE47113006CC676 /* IOSReceipeUITestsLaunchTests.swift in Sources */,
				2E7DBB412CE47113006CC676 /* IOSReceipeUITests.swift in Sources */,
			);
			runOnlyForDeploymentPostprocessing = 0;
		};
/* End PBXSourcesBuildPhase section */

/* Begin PBXTargetDependency section */
		2E7DBB342CE47113006CC676 /* PBXTargetDependency */ = {
			isa = PBXTargetDependency;
			target = 2E7DBB1B2CE47112006CC676 /* IOSReceipe */;
			targetProxy = 2E7DBB332CE47113006CC676 /* PBXContainerItemProxy */;
		};
		2E7DBB3E2CE47113006CC676 /* PBXTargetDependency */ = {
			isa = PBXTargetDependency;
			target = 2E7DBB1B2CE47112006CC676 /* IOSReceipe */;
			targetProxy = 2E7DBB3D2CE47113006CC676 /* PBXContainerItemProxy */;
		};
/* End PBXTargetDependency section */

/* Begin PBXVariantGroup section */
		2E7DBB252CE47112006CC676 /* Main.storyboard */ = {
			isa = PBXVariantGroup;
			children = (
				2E7DBB262CE47112006CC676 /* Base */,
			);
			name = Main.storyboard;
			sourceTree = "<group>";
		};
		2E7DBB2A2CE47113006CC676 /* LaunchScreen.storyboard */ = {
			isa = PBXVariantGroup;
			children = (
				2E7DBB2B2CE47113006CC676 /* Base */,
			);
			name = LaunchScreen.storyboard;
			sourceTree = "<group>";
		};
/* End PBXVariantGroup section */

/* Begin XCBuildConfiguration section */
		2E7DBB442CE47113006CC676 /* Debug */ = {
			isa = XCBuildConfiguration;
			buildSettings = {
				ALWAYS_SEARCH_USER_PATHS = NO;
				ASSETCATALOG_COMPILER_GENERATE_SWIFT_ASSET_SYMBOL_EXTENSIONS = YES;
				CLANG_ANALYZER_NONNULL = YES;
				CLANG_ANALYZER_NUMBER_OBJECT_CONVERSION = YES_AGGRESSIVE;
				CLANG_CXX_LANGUAGE_STANDARD = "gnu++20";
				CLANG_ENABLE_MODULES = YES;
				CLANG_ENABLE_OBJC_ARC = YES;
				CLANG_ENABLE_OBJC_WEAK = YES;
				CLANG_WARN_BLOCK_CAPTURE_AUTORELEASING = YES;
				CLANG_WARN_BOOL_CONVERSION = YES;
				CLANG_WARN_COMMA = YES;
				CLANG_WARN_CONSTANT_CONVERSION = YES;
				CLANG_WARN_DEPRECATED_OBJC_IMPLEMENTATIONS = YES;
				CLANG_WARN_DIRECT_OBJC_ISA_USAGE = YES_ERROR;
				CLANG_WARN_DOCUMENTATION_COMMENTS = YES;
				CLANG_WARN_EMPTY_BODY = YES;
				CLANG_WARN_ENUM_CONVERSION = YES;
				CLANG_WARN_INFINITE_RECURSION = YES;
				CLANG_WARN_INT_CONVERSION = YES;
				CLANG_WARN_NON_LITERAL_NULL_CONVERSION = YES;
				CLANG_WARN_OBJC_IMPLICIT_RETAIN_SELF = YES;
				CLANG_WARN_OBJC_LITERAL_CONVERSION = YES;
				CLANG_WARN_OBJC_ROOT_CLASS = YES_ERROR;
				CLANG_WARN_QUOTED_INCLUDE_IN_FRAMEWORK_HEADER = YES;
				CLANG_WARN_RANGE_LOOP_ANALYSIS = YES;
				CLANG_WARN_STRICT_PROTOTYPES = YES;
				CLANG_WARN_SUSPICIOUS_MOVE = YES;
				CLANG_WARN_UNGUARDED_AVAILABILITY = YES_AGGRESSIVE;
				CLANG_WARN_UNREACHABLE_CODE = YES;
				CLANG_WARN__DUPLICATE_METHOD_MATCH = YES;
				COPY_PHASE_STRIP = NO;
				DEBUG_INFORMATION_FORMAT = dwarf;
				ENABLE_STRICT_OBJC_MSGSEND = YES;
				ENABLE_TESTABILITY = YES;
				ENABLE_USER_SCRIPT_SANDBOXING = YES;
				GCC_C_LANGUAGE_STANDARD = gnu17;
				GCC_DYNAMIC_NO_PIC = NO;
				GCC_NO_COMMON_BLOCKS = YES;
				GCC_OPTIMIZATION_LEVEL = 0;
				GCC_PREPROCESSOR_DEFINITIONS = (
					"DEBUG=1",
					"$(inherited)",
				);
				GCC_WARN_64_TO_32_BIT_CONVERSION = YES;
				GCC_WARN_ABOUT_RETURN_TYPE = YES_ERROR;
				GCC_WARN_UNDECLARED_SELECTOR = YES;
				GCC_WARN_UNINITIALIZED_AUTOS = YES_AGGRESSIVE;
				GCC_WARN_UNUSED_FUNCTION = YES;
				GCC_WARN_UNUSED_VARIABLE = YES;
				IPHONEOS_DEPLOYMENT_TARGET = 17.5;
				LOCALIZATION_PREFERS_STRING_CATALOGS = YES;
				MTL_ENABLE_DEBUG_INFO = INCLUDE_SOURCE;
				MTL_FAST_MATH = YES;
				ONLY_ACTIVE_ARCH = YES;
				SDKROOT = iphoneos;
				SWIFT_ACTIVE_COMPILATION_CONDITIONS = "DEBUG $(inherited)";
				SWIFT_OPTIMIZATION_LEVEL = "-Onone";
			};
			name = Debug;
		};
		2E7DBB452CE47113006CC676 /* Release */ = {
			isa = XCBuildConfiguration;
			buildSettings = {
				ALWAYS_SEARCH_USER_PATHS = NO;
				ASSETCATALOG_COMPILER_GENERATE_SWIFT_ASSET_SYMBOL_EXTENSIONS = YES;
				CLANG_ANALYZER_NONNULL = YES;
				CLANG_ANALYZER_NUMBER_OBJECT_CONVERSION = YES_AGGRESSIVE;
				CLANG_CXX_LANGUAGE_STANDARD = "gnu++20";
				CLANG_ENABLE_MODULES = YES;
				CLANG_ENABLE_OBJC_ARC = YES;
				CLANG_ENABLE_OBJC_WEAK = YES;
				CLANG_WARN_BLOCK_CAPTURE_AUTORELEASING = YES;
				CLANG_WARN_BOOL_CONVERSION = YES;
				CLANG_WARN_COMMA = YES;
				CLANG_WARN_CONSTANT_CONVERSION = YES;
				CLANG_WARN_DEPRECATED_OBJC_IMPLEMENTATIONS = YES;
				CLANG_WARN_DIRECT_OBJC_ISA_USAGE = YES_ERROR;
				CLANG_WARN_DOCUMENTATION_COMMENTS = YES;
				CLANG_WARN_EMPTY_BODY = YES;
				CLANG_WARN_ENUM_CONVERSION = YES;
				CLANG_WARN_INFINITE_RECURSION = YES;
				CLANG_WARN_INT_CONVERSION = YES;
				CLANG_WARN_NON_LITERAL_NULL_CONVERSION = YES;
				CLANG_WARN_OBJC_IMPLICIT_RETAIN_SELF = YES;
				CLANG_WARN_OBJC_LITERAL_CONVERSION = YES;
				CLANG_WARN_OBJC_ROOT_CLASS = YES_ERROR;
				CLANG_WARN_QUOTED_INCLUDE_IN_FRAMEWORK_HEADER = YES;
				CLANG_WARN_RANGE_LOOP_ANALYSIS = YES;
				CLANG_WARN_STRICT_PROTOTYPES = YES;
				CLANG_WARN_SUSPICIOUS_MOVE = YES;
				CLANG_WARN_UNGUARDED_AVAILABILITY = YES_AGGRESSIVE;
				CLANG_WARN_UNREACHABLE_CODE = YES;
				CLANG_WARN__DUPLICATE_METHOD_MATCH = YES;
				COPY_PHASE_STRIP = NO;
				DEBUG_INFORMATION_FORMAT = "dwarf-with-dsym";
				ENABLE_NS_ASSERTIONS = NO;
				ENABLE_STRICT_OBJC_MSGSEND = YES;
				ENABLE_USER_SCRIPT_SANDBOXING = YES;
				GCC_C_LANGUAGE_STANDARD = gnu17;
				GCC_NO_COMMON_BLOCKS = YES;
				GCC_WARN_64_TO_32_BIT_CONVERSION = YES;
				GCC_WARN_ABOUT_RETURN_TYPE = YES_ERROR;
				GCC_WARN_UNDECLARED_SELECTOR = YES;
				GCC_WARN_UNINITIALIZED_AUTOS = YES_AGGRESSIVE;
				GCC_WARN_UNUSED_FUNCTION = YES;
				GCC_WARN_UNUSED_VARIABLE = YES;
				IPHONEOS_DEPLOYMENT_TARGET = 17.5;
				LOCALIZATION_PREFERS_STRING_CATALOGS = YES;
				MTL_ENABLE_DEBUG_INFO = NO;
				MTL_FAST_MATH = YES;
				SDKROOT = iphoneos;
				SWIFT_COMPILATION_MODE = wholemodule;
				VALIDATE_PRODUCT = YES;
			};
			name = Release;
		};
		2E7DBB472CE47113006CC676 /* Debug */ = {
			isa = XCBuildConfiguration;
			buildSettings = {
				ASSETCATALOG_COMPILER_APPICON_NAME = AppIcon;
				ASSETCATALOG_COMPILER_GLOBAL_ACCENT_COLOR_NAME = AccentColor;
				CODE_SIGN_STYLE = Automatic;
				CURRENT_PROJECT_VERSION = 1;
				GENERATE_INFOPLIST_FILE = YES;
				INFOPLIST_FILE = IOSReceipe/Info.plist;
				INFOPLIST_KEY_UIApplicationSupportsIndirectInputEvents = YES;
				INFOPLIST_KEY_UILaunchStoryboardName = LaunchScreen;
				INFOPLIST_KEY_UIMainStoryboardFile = Main;
				INFOPLIST_KEY_UISupportedInterfaceOrientations_iPad = "UIInterfaceOrientationPortrait UIInterfaceOrientationPortraitUpsideDown UIInterfaceOrientationLandscapeLeft UIInterfaceOrientationLandscapeRight";
				INFOPLIST_KEY_UISupportedInterfaceOrientations_iPhone = "UIInterfaceOrientationPortrait UIInterfaceOrientationLandscapeLeft UIInterfaceOrientationLandscapeRight";
				IPHONEOS_DEPLOYMENT_TARGET = 14.0;
				LD_RUNPATH_SEARCH_PATHS = (
					"$(inherited)",
					"@executable_path/Frameworks",
				);
				MARKETING_VERSION = 1.0;
				PRODUCT_BUNDLE_IDENTIFIER = nwmsu.IOSReceipe;
				PRODUCT_NAME = "$(TARGET_NAME)";
				SWIFT_EMIT_LOC_STRINGS = YES;
				SWIFT_VERSION = 5.0;
				TARGETED_DEVICE_FAMILY = "1,2";
			};
			name = Debug;
		};
		2E7DBB482CE47113006CC676 /* Release */ = {
			isa = XCBuildConfiguration;
			buildSettings = {
				ASSETCATALOG_COMPILER_APPICON_NAME = AppIcon;
				ASSETCATALOG_COMPILER_GLOBAL_ACCENT_COLOR_NAME = AccentColor;
				CODE_SIGN_STYLE = Automatic;
				CURRENT_PROJECT_VERSION = 1;
				GENERATE_INFOPLIST_FILE = YES;
				INFOPLIST_FILE = IOSReceipe/Info.plist;
				INFOPLIST_KEY_UIApplicationSupportsIndirectInputEvents = YES;
				INFOPLIST_KEY_UILaunchStoryboardName = LaunchScreen;
				INFOPLIST_KEY_UIMainStoryboardFile = Main;
				INFOPLIST_KEY_UISupportedInterfaceOrientations_iPad = "UIInterfaceOrientationPortrait UIInterfaceOrientationPortraitUpsideDown UIInterfaceOrientationLandscapeLeft UIInterfaceOrientationLandscapeRight";
				INFOPLIST_KEY_UISupportedInterfaceOrientations_iPhone = "UIInterfaceOrientationPortrait UIInterfaceOrientationLandscapeLeft UIInterfaceOrientationLandscapeRight";
				IPHONEOS_DEPLOYMENT_TARGET = 14.0;
				LD_RUNPATH_SEARCH_PATHS = (
					"$(inherited)",
					"@executable_path/Frameworks",
				);
				MARKETING_VERSION = 1.0;
				PRODUCT_BUNDLE_IDENTIFIER = nwmsu.IOSReceipe;
				PRODUCT_NAME = "$(TARGET_NAME)";
				SWIFT_EMIT_LOC_STRINGS = YES;
				SWIFT_VERSION = 5.0;
				TARGETED_DEVICE_FAMILY = "1,2";
			};
			name = Release;
		};
		2E7DBB4A2CE47113006CC676 /* Debug */ = {
			isa = XCBuildConfiguration;
			buildSettings = {
				ALWAYS_EMBED_SWIFT_STANDARD_LIBRARIES = YES;
				BUNDLE_LOADER = "$(TEST_HOST)";
				CODE_SIGN_STYLE = Automatic;
				CURRENT_PROJECT_VERSION = 1;
				GENERATE_INFOPLIST_FILE = YES;
				IPHONEOS_DEPLOYMENT_TARGET = 17.5;
				MARKETING_VERSION = 1.0;
				PRODUCT_BUNDLE_IDENTIFIER = nwmsu.IOSReceipeTests;
				PRODUCT_NAME = "$(TARGET_NAME)";
				SWIFT_EMIT_LOC_STRINGS = NO;
				SWIFT_VERSION = 5.0;
				TARGETED_DEVICE_FAMILY = "1,2";
				TEST_HOST = "$(BUILT_PRODUCTS_DIR)/IOSReceipe.app/$(BUNDLE_EXECUTABLE_FOLDER_PATH)/IOSReceipe";
			};
			name = Debug;
		};
		2E7DBB4B2CE47113006CC676 /* Release */ = {
			isa = XCBuildConfiguration;
			buildSettings = {
				ALWAYS_EMBED_SWIFT_STANDARD_LIBRARIES = YES;
				BUNDLE_LOADER = "$(TEST_HOST)";
				CODE_SIGN_STYLE = Automatic;
				CURRENT_PROJECT_VERSION = 1;
				GENERATE_INFOPLIST_FILE = YES;
				IPHONEOS_DEPLOYMENT_TARGET = 17.5;
				MARKETING_VERSION = 1.0;
				PRODUCT_BUNDLE_IDENTIFIER = nwmsu.IOSReceipeTests;
				PRODUCT_NAME = "$(TARGET_NAME)";
				SWIFT_EMIT_LOC_STRINGS = NO;
				SWIFT_VERSION = 5.0;
				TARGETED_DEVICE_FAMILY = "1,2";
				TEST_HOST = "$(BUILT_PRODUCTS_DIR)/IOSReceipe.app/$(BUNDLE_EXECUTABLE_FOLDER_PATH)/IOSReceipe";
			};
			name = Release;
		};
		2E7DBB4D2CE47113006CC676 /* Debug */ = {
			isa = XCBuildConfiguration;
			buildSettings = {
				ALWAYS_EMBED_SWIFT_STANDARD_LIBRARIES = YES;
				CODE_SIGN_STYLE = Automatic;
				CURRENT_PROJECT_VERSION = 1;
				GENERATE_INFOPLIST_FILE = YES;
				MARKETING_VERSION = 1.0;
				PRODUCT_BUNDLE_IDENTIFIER = nwmsu.IOSReceipeUITests;
				PRODUCT_NAME = "$(TARGET_NAME)";
				SWIFT_EMIT_LOC_STRINGS = NO;
				SWIFT_VERSION = 5.0;
				TARGETED_DEVICE_FAMILY = "1,2";
				TEST_TARGET_NAME = IOSReceipe;
			};
			name = Debug;
		};
		2E7DBB4E2CE47113006CC676 /* Release */ = {
			isa = XCBuildConfiguration;
			buildSettings = {
				ALWAYS_EMBED_SWIFT_STANDARD_LIBRARIES = YES;
				CODE_SIGN_STYLE = Automatic;
				CURRENT_PROJECT_VERSION = 1;
				GENERATE_INFOPLIST_FILE = YES;
				MARKETING_VERSION = 1.0;
				PRODUCT_BUNDLE_IDENTIFIER = nwmsu.IOSReceipeUITests;
				PRODUCT_NAME = "$(TARGET_NAME)";
				SWIFT_EMIT_LOC_STRINGS = NO;
				SWIFT_VERSION = 5.0;
				TARGETED_DEVICE_FAMILY = "1,2";
				TEST_TARGET_NAME = IOSReceipe;
			};
			name = Release;
		};
/* End XCBuildConfiguration section */

/* Begin XCConfigurationList section */
		2E7DBB172CE47112006CC676 /* Build configuration list for PBXProject "IOSReceipe" */ = {
			isa = XCConfigurationList;
			buildConfigurations = (
				2E7DBB442CE47113006CC676 /* Debug */,
				2E7DBB452CE47113006CC676 /* Release */,
			);
			defaultConfigurationIsVisible = 0;
			defaultConfigurationName = Release;
		};
		2E7DBB462CE47113006CC676 /* Build configuration list for PBXNativeTarget "IOSReceipe" */ = {
			isa = XCConfigurationList;
			buildConfigurations = (
				2E7DBB472CE47113006CC676 /* Debug */,
				2E7DBB482CE47113006CC676 /* Release */,
			);
			defaultConfigurationIsVisible = 0;
			defaultConfigurationName = Release;
		};
		2E7DBB492CE47113006CC676 /* Build configuration list for PBXNativeTarget "IOSReceipeTests" */ = {
			isa = XCConfigurationList;
			buildConfigurations = (
				2E7DBB4A2CE47113006CC676 /* Debug */,
				2E7DBB4B2CE47113006CC676 /* Release */,
			);
			defaultConfigurationIsVisible = 0;
			defaultConfigurationName = Release;
		};
		2E7DBB4C2CE47113006CC676 /* Build configuration list for PBXNativeTarget "IOSReceipeUITests" */ = {
			isa = XCConfigurationList;
			buildConfigurations = (
				2E7DBB4D2CE47113006CC676 /* Debug */,
				2E7DBB4E2CE47113006CC676 /* Release */,
			);
			defaultConfigurationIsVisible = 0;
			defaultConfigurationName = Release;
		};
/* End XCConfigurationList section */

/* Begin XCRemoteSwiftPackageReference section */
		2E28C1F72CEBA1D300C54570 /* XCRemoteSwiftPackageReference "firebase-ios-sdk" */ = {
			isa = XCRemoteSwiftPackageReference;
			repositoryURL = "https://github.com/firebase/firebase-ios-sdk";
			requirement = {
				kind = upToNextMajorVersion;
				minimumVersion = 11.5.0;
			};
		};
/* End XCRemoteSwiftPackageReference section */

/* Begin XCSwiftPackageProductDependency section */
		2E28C1F82CEBA2C800C54570 /* FirebaseAnalytics */ = {
			isa = XCSwiftPackageProductDependency;
			package = 2E28C1F72CEBA1D300C54570 /* XCRemoteSwiftPackageReference "firebase-ios-sdk" */;
			productName = FirebaseAnalytics;
		};
		2E28C1FA2CEBA2C800C54570 /* FirebaseAnalyticsOnDeviceConversion */ = {
			isa = XCSwiftPackageProductDependency;
			package = 2E28C1F72CEBA1D300C54570 /* XCRemoteSwiftPackageReference "firebase-ios-sdk" */;
			productName = FirebaseAnalyticsOnDeviceConversion;
		};
		2E28C1FC2CEBA2C800C54570 /* FirebaseAnalyticsWithoutAdIdSupport */ = {
			isa = XCSwiftPackageProductDependency;
			package = 2E28C1F72CEBA1D300C54570 /* XCRemoteSwiftPackageReference "firebase-ios-sdk" */;
			productName = FirebaseAnalyticsWithoutAdIdSupport;
		};
		2E28C1FE2CEBA2C800C54570 /* FirebaseAppCheck */ = {
			isa = XCSwiftPackageProductDependency;
			package = 2E28C1F72CEBA1D300C54570 /* XCRemoteSwiftPackageReference "firebase-ios-sdk" */;
			productName = FirebaseAppCheck;
		};
		2E28C2002CEBA2C800C54570 /* FirebaseAppDistribution-Beta */ = {
			isa = XCSwiftPackageProductDependency;
			package = 2E28C1F72CEBA1D300C54570 /* XCRemoteSwiftPackageReference "firebase-ios-sdk" */;
			productName = "FirebaseAppDistribution-Beta";
		};
/* End XCSwiftPackageProductDependency section */
	};
	rootObject = 2E7DBB142CE47112006CC676 /* Project object */;
}
